
Microsoft Visual Studio Solution File, Format Version 12.00
# Visual Studio 15
VisualStudioVersion = 15.0.27703.2042
MinimumVisualStudioVersion = 10.0.40219.1
Project("{8BC9CEB8-8B4A-11D0-8D11-00A0C91BC942}") = "Studentbase v2", "Studentbase v2\Studentbase v2.vcxproj", "{FE11B5EB-C921-4E4E-A661-D175D36239DF}"
EndProject
Global
	GlobalSection(SolutionConfigurationPlatforms) = preSolution
		Debug|x64 = Debug|x64
		Debug|x86 = Debug|x86
		Release|x64 = Release|x64
		Release|x86 = Release|x86
	EndGlobalSection
	GlobalSection(ProjectConfigurationPlatforms) = postSolution
		{FE11B5EB-C921-4E4E-A661-D175D36239DF}.Debug|x64.ActiveCfg = Debug|x64
		{FE11B5EB-C921-4E4E-A661-D175D36239DF}.Debug|x64.Build.0 = Debug|x64
		{FE11B5EB-C921-4E4E-A661-D175D36239DF}.Debug|x86.ActiveCfg = Debug|Win32
		{FE11B5EB-C921-4E4E-A661-D175D36239DF}.Debug|x86.Build.0 = Debug|Win32
		{FE11B5EB-C921-4E4E-A661-D175D36239DF}.Release|x64.ActiveCfg = Release|x64
		{FE11B5EB-C921-4E4E-A661-D175D36239DF}.Release|x64.Build.0 = Release|x64
		{FE11B5EB-C921-4E4E-A661-D175D36239DF}.Release|x86.ActiveCfg = Release|Win32
		{FE11B5EB-C921-4E4E-A661-D175D36239DF}.Release|x86.Build.0 = Release|Win32
	EndGlobalSection
	GlobalSection(SolutionProperties) = preSolution
		HideSolutionNode = FALSE
	EndGlobalSection
	GlobalSection(ExtensibilityGlobals) = postSolution
		SolutionGuid = {97026D7A-CD32-42E2-BFC8-2C5A63AB0BE1}
	EndGlobalSection
EndGlobal
